1password-beta
1password-cli
base-devel
bat
bind
bluetuith
bluez
bluez-utils
brightnessctl
btop
chromium
cliphist
codename-goose
diff-so-fancy
direnv
docker
docker-buildx
docker-compose
eza
fprintd
fzf
gcalcli
ghostty
git
github-cli
git-lfs
gnome-keyring
google-chrome
hypridle
hyprland
hyprlock
hyprpaper
hyprpolkitagent
hyprshot
imagemagick
impala
inetutils
lazydocker
lazygit
less
libreoffice-fresh
libvips
magic-wormhole
man-db
mariadb-clients
mise
mosh
mplayer
mtr
neovim
nodejs
notion-app-electron
noto-fonts-emoji
npm
pipewire
power-profiles-daemon
qalculate-gtk
restic
ripgrep
ruby-build
seahorse
slack-desktop-wayland
stow
streamdeck-ui
stripe-cli
swaync
tailscale
telegram-desktop
tldr
tmux
todoist-wrapper-bin
ttf-cascadia-code-nerd
unzip
waybar
wget
wireplumber
wofi
xdg-desktop-portal-hyprland
xorg-xhost
yamllint
yarn
yazi
zip
zoom
zoxide
