1password-cli
age
asciinema
base-devel
bat
bind
bluetuith
bluez
bluez-utils
brightnessctl
btop
codename-goose-bin
diff-so-fancy
direnv
dive
docker
docker-buildx
docker-compose
dosfstools
eza
fd
ffmpeg
firewalld
fwupd
fzf
gcalcli
gifski
git
github-cli
git-lfs
gum
imagemagick
impala
inetutils
jq
lazydocker
lazygit
libvips
lld
magic-wormhole
man-db
mariadb-clients
minio-client
mise
mosh
mplayer
mtr
neovim
nodejs
npm
ollama-rocm
opencode
openslide
openssh
power-profiles-daemon
restic
ripgrep
ruby-build
rust
sd
sops
stow
stripe-cli
syncthing
tailscale
terraform
tldr
tmux
tree-sitter-cli
udisks2
unzip
wemux
wget
worktrunk-bin
yamllint
yarn
yazi
zip
zoxide
zsh
