age
asciinema
base-devel
bat
bind
btop
btrfs-progs
diff-so-fancy
direnv
dive
docker
docker-buildx
docker-compose
dosfstools
eza
fd
ffmpeg
firewalld
fwupd
fzf
gcalcli
gifski
git
github-cli
git-lfs
gum
imagemagick
impala
inetutils
jq
lazydocker
lazygit
libvips
lld
magic-wormhole
man-db
mariadb-clients
minio-client
mise
mplayer
mtr
neovim
nodejs
npm
ollama-rocm
openslide
openssh
power-profiles-daemon
restic
ripgrep
ruby-build
rust
sd
sops
stow
stripe-cli-bin
syncthing
tailscale
terraform
tldr
tmux
tree-sitter-cli
udisks2
unzip
wget
worktrunk-bin
yamllint
yarn
yazi
zip
zoxide
zsh
