1password-beta
1password-cli
age
ansible
asciinema
base-devel
bat
bind
bluetuith
bluez
bluez-utils
brightnessctl
btop
btrfs-progs
chromium
cups
cups-pdf
diff-so-fancy
direnv
discord
dive
docker
docker-buildx
docker-compose
dosfstools
elephant
elephant-bluetooth
elephant-calc
elephant-clipboard
elephant-desktopapplications
elephant-files
elephant-menus
elephant-providerlist
elephant-runner
elephant-symbols
elephant-todo
elephant-unicode
elephant-websearch
epson-inkjet-printer-escpr
eza
firefox
firewalld
fprintd
fwupd
fzf
gcalcli
ghostty
gifski
git
github-cli
git-lfs
gnome-keyring
go
google-chrome
gpu-screen-recorder
gum
hypridle
hyprland
hyprlock
hyprpaper
hyprshot
imagemagick
impala
inetutils
lazydocker
lazygit
less
libreoffice-fresh
libvips
lld
localsend
magic-wormhole
mako
man-db
mariadb-clients
minio-client
mise
mplayer
mtr
neovim
nodejs
noto-fonts-emoji
npm
obsidian
ollama-rocm
openslide
pipewire
polkit-gnome
power-profiles-daemon
qalculate-gtk
restic
ripgrep
ruby-build
rust
sd
seahorse
slack-desktop-wayland
sops
stow
streamdeck-ui
stripe-cli-bin
syncthing
system-config-printer
tailscale
telegram-desktop
terraform
tldr
tmux
tree-sitter-cli
ttf-cascadia-code-nerd
udisks2
unzip
uwsm
voxtype
vulkan-radeon
walker
waybar
wget
wireplumber
worktrunk-bin
wtype
xdg-desktop-portal-hyprland
xorg-xhost
xournalpp
yamllint
yarn
yazi
zip
zoxide
zsh
